apiVersion: dataagent.io/lock/v1
enterprisePack: olist@1.0.0
accessMode: tenant_scoped
domains:
  - commerce@1.0.0
schemaFingerprint: 0d9c342b75693bf64c46473b0afcc117ebd54bb6dabf9143d404f24d68015bbb
policyDigest: 28cc4664bea2eb929355cdba1669745b7c957ceadbe7ee0adae4410cb42c4ac6
relations:
  - public.olist_orders_dataset
  - public.olist_order_items_dataset
  - public.olist_customers_dataset
  - public.olist_sellers_dataset
  - public.olist_products_dataset
  - public.olist_order_payments_dataset
  - public.olist_order_reviews_dataset
  - public.olist_geolocation_dataset
  - public.product_category_name_translation
